github.com/TestingAccMar/CCXT_beYANG_Binance v0.0.0-20220922172828-bd32bc4da01a h1:6G6C8w6V1rmAuuUjv4WgjOauz9LFYne6Xp8ed26LJ68=
github.com/TestingAccMar/CCXT_beYANG_Binance v0.0.0-20220922172828-bd32bc4da01a/go.mod h1:fguGXBBXKHG3WbTIQl6+QBxAcMDj3qMoQaT/KPnEO8w=
github.com/TestingAccMar/CCXT_beYANG_Binance v0.0.0-20220926171147-f070c4c91b46 h1:duU4mlXwpy2SqojSI+z9hBx2irLw2GtMDe0HxdEK9Io=
github.com/TestingAccMar/CCXT_beYANG_Binance v0.0.0-20220926171147-f070c4c91b46/go.mod h1:fguGXBBXKHG3WbTIQl6+QBxAcMDj3qMoQaT/KPnEO8w=
github.com/TestingAccMar/CCXT_beYANG_Binance v0.0.0-20220926175736-e3bb214763d0 h1:oVVPkjE33ywNY7Ex1rhagVK6bMX5RATxBuNLACoykDE=
github.com/TestingAccMar/CCXT_beYANG_Binance v0.0.0-20220926175736-e3bb214763d0/go.mod h1:fguGXBBXKHG3WbTIQl6+QBxAcMDj3qMoQaT/KPnEO8w=
github.com/TestingAccMar/CCXT_beYANG_Binance v0.0.0-20220926184118-f6a4da048873 h1:SEbEjYvuEtfNC02d03bwKDQGkxSHrfyTMIxKJlpmRTA=
github.com/TestingAccMar/CCXT_beYANG_Binance v0.0.0-20220926184118-f6a4da048873/go.mod h1:fguGXBBXKHG3WbTIQl6+QBxAcMDj3qMoQaT/KPnEO8w=
github.com/TestingAccMar/CCXT_beYANG_ByBit v0.0.0-20220926160115-814ed62038d9 h1:HWCoND1cXed4F/sEe6gBx0TiqWYaYdZ3B8rHoFvr7NE=
github.com/TestingAccMar/CCXT_beYANG_ByBit v0.0.0-20220926160115-814ed62038d9/go.mod h1:VLCmw+445G5Wiu5/9Y1u9Pk4W2HzPk1DxJ0eCSg6EEw=
github.com/buger/jsonparser v1.1.1 h1:2PnMjfWD7wBILjqQbt530v576A/cAbQvEW9gGIpYMUs=
github.com/buger/jsonparser v1.1.1/go.mod h1:6RYKKt7H4d4+iWqouImQ9R2FZql3VbhNgx27UK13J/0=
github.com/chuckpreslar/emission v0.0.0-20170206194824-a7ddd980baf9 h1:xz6Nv3zcwO2Lila35hcb0QloCQsc38Al13RNEzWRpX4=
github.com/chuckpreslar/emission v0.0.0-20170206194824-a7ddd980baf9/go.mod h1:2wSM9zJkl1UQEFZgSd68NfCgRz1VL1jzy/RjCg+ULrs=
github.com/goccy/go-json v0.9.11 h1:/pAaQDLHEoCq/5FFmSKBswWmK6H0e8g4159Kc/X/nqk=
github.com/goccy/go-json v0.9.11/go.mod h1:6MelG93GURQebXPDq3khkgXZkazVtN9CRI+MGFi0w8I=
github.com/gorilla/websocket v1.5.0 h1:PPwGk2jz7EePpoHN/+ClbZu8SPxiqlu12wZP/3sWmnc=
github.com/gorilla/websocket v1.5.0/go.mod h1:YR8l580nyteQvAITg2hZ9XVh4b55+EU/adAjf1fMHhE=
github.com/testingaccmar/ccxt_beyang_bybit v0.0.0-20220922172430-ceabd60fa6e0 h1:Up0PkItROSYW5xA7vUhcNEhNgWLHW0rnF8FEaBFA8Vk=
github.com/testingaccmar/ccxt_beyang_bybit v0.0.0-20220922172430-ceabd60fa6e0/go.mod h1:TkfU/nwaLnKfD9itnciiIB55W3JB98zxqowyMUugwi4=
github.com/testingaccmar/ccxt_beyang_bybit v0.0.0-20220922175131-8060029b4726 h1:VU5EOvSEp04fDk5xssfcj7oZfYJRsAtU7hdk0qYslxM=
github.com/testingaccmar/ccxt_beyang_bybit v0.0.0-20220922175131-8060029b4726/go.mod h1:TkfU/nwaLnKfD9itnciiIB55W3JB98zxqowyMUugwi4=
github.com/testingaccmar/ccxt_beyang_bybit v0.0.0-20220926125509-2b99eed156fb h1:fkWX7iy3QOzEFsLTb7r7Xq7Y3sAKDHsvjiPLvmoKuN4=
github.com/testingaccmar/ccxt_beyang_bybit v0.0.0-20220926125509-2b99eed156fb/go.mod h1:TkfU/nwaLnKfD9itnciiIB55W3JB98zxqowyMUugwi4=
